
Microsoft Visual Studio Solution File, Format Version 12.00
# Visual Studio 14
VisualStudioVersion = 14.0.25123.0
MinimumVisualStudioVersion = 10.0.40219.1
Project("{B9058049-AB45-4129-A69C-851F05AA64C7}") = "Sitecore.Support.191359", "Sitecore.Support.191359\Sitecore.Support.191359.csproj", "{F1B83704-F34B-4725-8502-4A23F2737579}"
EndProject
Global
	GlobalSection(SolutionConfigurationPlatforms) = preSolution
		Debug|Any CPU = Debug|Any CPU
		Release|Any CPU = Release|Any CPU
	EndGlobalSection
	GlobalSection(ProjectConfigurationPlatforms) = postSolution
		{F1B83704-F34B-4725-8502-4A23F2737579}.Debug|Any CPU.ActiveCfg = Debug|Any CPU
		{F1B83704-F34B-4725-8502-4A23F2737579}.Debug|Any CPU.Build.0 = Debug|Any CPU
		{F1B83704-F34B-4725-8502-4A23F2737579}.Release|Any CPU.ActiveCfg = Release|Any CPU
		{F1B83704-F34B-4725-8502-4A23F2737579}.Release|Any CPU.Build.0 = Release|Any CPU
	EndGlobalSection
	GlobalSection(SolutionProperties) = preSolution
		HideSolutionNode = FALSE
	EndGlobalSection
EndGlobal
